{"1.1.0",
[{<<"certifi">>,{pkg,<<"certifi">>,<<"0.4.0">>},2},
 {<<"egithub">>,{pkg,<<"egithub">>,<<"0.2.9">>},0},
 {<<"goldrush">>,{pkg,<<"goldrush">>,<<"0.1.8">>},2},
 {<<"hackney">>,{pkg,<<"hackney">>,<<"1.6.0">>},1},
 {<<"idna">>,{pkg,<<"idna">>,<<"1.2.0">>},2},
 {<<"jiffy">>,{pkg,<<"jiffy">>,<<"0.14.7">>},1},
 {<<"lager">>,{pkg,<<"lager">>,<<"3.2.1">>},1},
 {<<"metrics">>,{pkg,<<"metrics">>,<<"1.0.1">>},2},
 {<<"mimerl">>,{pkg,<<"mimerl">>,<<"1.0.2">>},2},
 {<<"ssl_verify_fun">>,{pkg,<<"ssl_verify_fun">>,<<"1.1.0">>},2}]}.
[
{pkg_hash,[
 {<<"certifi">>, <<"A7966EFB868B179023618D29A407548F70C52466BF1849B9E8EBD0E34B7EA11F">>},
 {<<"egithub">>, <<"45E939731A5172CFA1C27145930FED0046F7B264B382376154525FD01CCAE8BE">>},
 {<<"goldrush">>, <<"2024BA375CEEA47E27EA70E14D2C483B2D8610101B4E852EF7F89163CDB6E649">>},
 {<<"hackney">>, <<"8D1E9440C9EDF23BF5E5E2FE0C71DE03EB265103B72901337394C840EEC679AC">>},
 {<<"idna">>, <<"AC62EE99DA068F43C50DC69ACF700E03A62A348360126260E87F2B54ECED86B2">>},
 {<<"jiffy">>, <<"9F33B893EDD6041CEAE03BC1E50B412E858CC80B46F3D7535A7A9940A79A1C37">>},
 {<<"lager">>, <<"EEF4E18B39E4195D37606D9088EA05BF1B745986CF8EC84F01D332456FE88D17">>},
 {<<"metrics">>, <<"25F094DEA2CDA98213CECC3AEFF09E940299D950904393B2A29D191C346A8486">>},
 {<<"mimerl">>, <<"993F9B0E084083405ED8252B99460C4F0563E41729AB42D9074FD5E52439BE88">>},
 {<<"ssl_verify_fun">>, <<"EDEE20847C42E379BF91261DB474FFBE373F8ACB56E9079ACB6038D4E0BF414F">>}]}
].
